
Microsoft Visual Studio Solution File, Format Version 12.00
# Visual Studio Version 17
VisualStudioVersion = 17.11.35208.52
MinimumVisualStudioVersion = 10.0.40219.1
Project("{9A19103F-16F7-4668-BE54-9A1E7A4F7556}") = "ElasticsearchApp", "ElasticsearchApp.csproj", "{751D55CC-0F9F-4E7C-9B55-FAEE7B6D84EB}"
EndProject
Project("{FAE04EC0-301F-11D3-BF4B-00C04F79EFBC}") = "Model", "..\Model\Model.csproj", "{98D6F5CF-8907-4D6C-B385-EDF79E03E4D6}"
EndProject
Project("{FAE04EC0-301F-11D3-BF4B-00C04F79EFBC}") = "Business", "..\Business\Business.csproj", "{690A56EA-FE68-4307-9FAD-0EF1ADDF648A}"
EndProject
Global
	GlobalSection(SolutionConfigurationPlatforms) = preSolution
		Debug|Any CPU = Debug|Any CPU
		Release|Any CPU = Release|Any CPU
	EndGlobalSection
	GlobalSection(ProjectConfigurationPlatforms) = postSolution
		{751D55CC-0F9F-4E7C-9B55-FAEE7B6D84EB}.Debug|Any CPU.ActiveCfg = Debug|Any CPU
		{751D55CC-0F9F-4E7C-9B55-FAEE7B6D84EB}.Debug|Any CPU.Build.0 = Debug|Any CPU
		{751D55CC-0F9F-4E7C-9B55-FAEE7B6D84EB}.Release|Any CPU.ActiveCfg = Release|Any CPU
		{751D55CC-0F9F-4E7C-9B55-FAEE7B6D84EB}.Release|Any CPU.Build.0 = Release|Any CPU
		{98D6F5CF-8907-4D6C-B385-EDF79E03E4D6}.Debug|Any CPU.ActiveCfg = Debug|Any CPU
		{98D6F5CF-8907-4D6C-B385-EDF79E03E4D6}.Debug|Any CPU.Build.0 = Debug|Any CPU
		{98D6F5CF-8907-4D6C-B385-EDF79E03E4D6}.Release|Any CPU.ActiveCfg = Release|Any CPU
		{98D6F5CF-8907-4D6C-B385-EDF79E03E4D6}.Release|Any CPU.Build.0 = Release|Any CPU
		{690A56EA-FE68-4307-9FAD-0EF1ADDF648A}.Debug|Any CPU.ActiveCfg = Debug|Any CPU
		{690A56EA-FE68-4307-9FAD-0EF1ADDF648A}.Debug|Any CPU.Build.0 = Debug|Any CPU
		{690A56EA-FE68-4307-9FAD-0EF1ADDF648A}.Release|Any CPU.ActiveCfg = Release|Any CPU
		{690A56EA-FE68-4307-9FAD-0EF1ADDF648A}.Release|Any CPU.Build.0 = Release|Any CPU
	EndGlobalSection
	GlobalSection(SolutionProperties) = preSolution
		HideSolutionNode = FALSE
	EndGlobalSection
	GlobalSection(ExtensibilityGlobals) = postSolution
		SolutionGuid = {AD8B56B3-C502-4744-9D82-162574CD2B89}
	EndGlobalSection
EndGlobal
